
Microsoft Visual Studio Solution File, Format Version 12.00
# Visual Studio 2012
Project("{FAE04EC0-301F-11D3-BF4B-00C04F79EFBC}") = "MonoGameQuest", "MonoGameQuest\MonoGameQuest.csproj", "{19889BDE-9EC5-4F95-9006-F2C163A928F6}"
EndProject
Project("{2150E333-8FDC-42A3-9474-1A3956D46DE8}") = "Solution Items", "Solution Items", "{F22D876E-BA9D-44DB-B75B-63E020513ACD}"
	ProjectSection(SolutionItems) = preProject
		LICENSE.txt = LICENSE.txt
		README.md = README.md
	EndProjectSection
EndProject
Global
	GlobalSection(SolutionConfigurationPlatforms) = preSolution
		Debug|x86 = Debug|x86
		Release|x86 = Release|x86
	EndGlobalSection
	GlobalSection(ProjectConfigurationPlatforms) = postSolution
		{19889BDE-9EC5-4F95-9006-F2C163A928F6}.Debug|x86.ActiveCfg = Debug|x86
		{19889BDE-9EC5-4F95-9006-F2C163A928F6}.Debug|x86.Build.0 = Debug|x86
		{19889BDE-9EC5-4F95-9006-F2C163A928F6}.Release|x86.ActiveCfg = Release|x86
		{19889BDE-9EC5-4F95-9006-F2C163A928F6}.Release|x86.Build.0 = Release|x86
	EndGlobalSection
	GlobalSection(SolutionProperties) = preSolution
		HideSolutionNode = FALSE
	EndGlobalSection
EndGlobal
